
Microsoft Visual Studio Solution File, Format Version 12.00
# Visual Studio Version 17
VisualStudioVersion = 17.6.33712.159
MinimumVisualStudioVersion = 10.0.40219.1
Project("{FAE04EC0-301F-11D3-BF4B-00C04F79EFBC}") = "ConsoleApp1", "ConsoleApp1\ConsoleApp1.csproj", "{14871DA3-A6A4-4E82-996B-6BBB086E2722}"
EndProject
Global
	GlobalSection(SolutionConfigurationPlatforms) = preSolution
		Debug|Any CPU = Debug|Any CPU
		Release|Any CPU = Release|Any CPU
	EndGlobalSection
	GlobalSection(ProjectConfigurationPlatforms) = postSolution
		{14871DA3-A6A4-4E82-996B-6BBB086E2722}.Debug|Any CPU.ActiveCfg = Debug|Any CPU
		{14871DA3-A6A4-4E82-996B-6BBB086E2722}.Debug|Any CPU.Build.0 = Debug|Any CPU
		{14871DA3-A6A4-4E82-996B-6BBB086E2722}.Release|Any CPU.ActiveCfg = Release|Any CPU
		{14871DA3-A6A4-4E82-996B-6BBB086E2722}.Release|Any CPU.Build.0 = Release|Any CPU
	EndGlobalSection
	GlobalSection(SolutionProperties) = preSolution
		HideSolutionNode = FALSE
	EndGlobalSection
	GlobalSection(ExtensibilityGlobals) = postSolution
		SolutionGuid = {EFA842A7-30D6-405F-BF14-335F1FFE4CD8}
	EndGlobalSection
EndGlobal
